// !$*UTF8*$!
{
	archiveVersion = 1;
	classes = {
	};
	objectVersion = 46;
	objects = {

/* Begin PBXBuildFile section */
		B5A04C3F1AD6565000BBA45E /* MovieDetailViewController.swift in Sources */ = {isa = PBXBuildFile; fileRef = B5A04C3E1AD6565000BBA45E /* MovieDetailViewController.swift */; };
		B5C2B41A1AD4CFA100652E93 /* AppDelegate.swift in Sources */ = {isa = PBXBuildFile; fileRef = B5C2B4191AD4CFA100652E93 /* AppDelegate.swift */; };
		B5C2B41C1AD4CFA100652E93 /* ViewController.swift in Sources */ = {isa = PBXBuildFile; fileRef = B5C2B41B1AD4CFA100652E93 /* ViewController.swift */; };
		B5C2B41F1AD4CFA100652E93 /* Main.storyboard in Resources */ = {isa = PBXBuildFile; fileRef = B5C2B41D1AD4CFA100652E93 /* Main.storyboard */; };
		B5C2B4211AD4CFA100652E93 /* Images.xcassets in Resources */ = {isa = PBXBuildFile; fileRef = B5C2B4201AD4CFA100652E93 /* Images.xcassets */; };
		B5C2B4241AD4CFA100652E93 /* LaunchScreen.xib in Resources */ = {isa = PBXBuildFile; fileRef = B5C2B4221AD4CFA100652E93 /* LaunchScreen.xib */; };
		B5C2B4301AD4CFA100652E93 /* tomatoesTests.swift in Sources */ = {isa = PBXBuildFile; fileRef = B5C2B42F1AD4CFA100652E93 /* tomatoesTests.swift */; };
		B5C2B43A1AD63D1000652E93 /* MoviesViewController.swift in Sources */ = {isa = PBXBuildFile; fileRef = B5C2B4391AD63D1000652E93 /* MoviesViewController.swift */; };
		B5C2B43E1AD64D2300652E93 /* MovieCell.swift in Sources */ = {isa = PBXBuildFile; fileRef = B5C2B43D1AD64D2300652E93 /* MovieCell.swift */; };
		CC897037D574D9478FD5B8A8 /* libPods.a in Frameworks */ = {isa = PBXBuildFile; fileRef = 1F535389032F3605D26AB010 /* libPods.a */; };
/* End PBXBuildFile section */

/* Begin PBXContainerItemProxy section */
		B5C2B42A1AD4CFA100652E93 /* PBXContainerItemProxy */ = {
			isa = PBXContainerItemProxy;
			containerPortal = B5C2B40C1AD4CFA100652E93 /* Project object */;
			proxyType = 1;
			remoteGlobalIDString = B5C2B4131AD4CFA100652E93;
			remoteInfo = tomatoes;
		};
/* End PBXContainerItemProxy section */

/* Begin PBXFileReference section */
		0D82EA8026391A9D9B096A36 /* Pods.debug.xcconfig */ = {isa = PBXFileReference; includeInIndex = 1; lastKnownFileType = text.xcconfig; name = Pods.debug.xcconfig; path = "Pods/Target Support Files/Pods/Pods.debug.xcconfig"; sourceTree = "<group>"; };
		1F535389032F3605D26AB010 /* libPods.a */ = {isa = PBXFileReference; explicitFileType = archive.ar; includeInIndex = 0; path = libPods.a; sourceTree = BUILT_PRODUCTS_DIR; };
		5469191DE91BBA21C5B3E767 /* Pods.release.xcconfig */ = {isa = PBXFileReference; includeInIndex = 1; lastKnownFileType = text.xcconfig; name = Pods.release.xcconfig; path = "Pods/Target Support Files/Pods/Pods.release.xcconfig"; sourceTree = "<group>"; };
		B5A04C3B1AD652C200BBA45E /* tomatoes-Bridging-Header.h */ = {isa = PBXFileReference; lastKnownFileType = sourcecode.c.h; path = "tomatoes-Bridging-Header.h"; sourceTree = "<group>"; };
		B5A04C3E1AD6565000BBA45E /* MovieDetailViewController.swift */ = {isa = PBXFileReference; fileEncoding = 4; lastKnownFileType = sourcecode.swift; path = MovieDetailViewController.swift; sourceTree = "<group>"; };
		B5C2B4141AD4CFA100652E93 /* tomatoes.app */ = {isa = PBXFileReference; explicitFileType = wrapper.application; includeInIndex = 0; path = tomatoes.app; sourceTree = BUILT_PRODUCTS_DIR; };
		B5C2B4181AD4CFA100652E93 /* Info.plist */ = {isa = PBXFileReference; lastKnownFileType = text.plist.xml; path = Info.plist; sourceTree = "<group>"; };
		B5C2B4191AD4CFA100652E93 /* AppDelegate.swift */ = {isa = PBXFileReference; lastKnownFileType = sourcecode.swift; path = AppDelegate.swift; sourceTree = "<group>"; };
		B5C2B41B1AD4CFA100652E93 /* ViewController.swift */ = {isa = PBXFileReference; lastKnownFileType = sourcecode.swift; path = ViewController.swift; sourceTree = "<group>"; };
		B5C2B41E1AD4CFA100652E93 /* Base */ = {isa = PBXFileReference; lastKnownFileType = file.storyboard; name = Base; path = Base.lproj/Main.storyboard; sourceTree = "<group>"; };
		B5C2B4201AD4CFA100652E93 /* Images.xcassets */ = {isa = PBXFileReference; lastKnownFileType = folder.assetcatalog; path = Images.xcassets; sourceTree = "<group>"; };
		B5C2B4231AD4CFA100652E93 /* Base */ = {isa = PBXFileReference; lastKnownFileType = file.xib; name = Base; path = Base.lproj/LaunchScreen.xib; sourceTree = "<group>"; };
		B5C2B4291AD4CFA100652E93 /* tomatoesTests.xctest */ = {isa = PBXFileReference; explicitFileType = wrapper.cfbundle; includeInIndex = 0; path = tomatoesTests.xctest; sourceTree = BUILT_PRODUCTS_DIR; };
		B5C2B42E1AD4CFA100652E93 /* Info.plist */ = {isa = PBXFileReference; lastKnownFileType = text.plist.xml; path = Info.plist; sourceTree = "<group>"; };
		B5C2B42F1AD4CFA100652E93 /* tomatoesTests.swift */ = {isa = PBXFileReference; lastKnownFileType = sourcecode.swift; path = tomatoesTests.swift; sourceTree = "<group>"; };
		B5C2B4391AD63D1000652E93 /* MoviesViewController.swift */ = {isa = PBXFileReference; fileEncoding = 4; lastKnownFileType = sourcecode.swift; path = MoviesViewController.swift; sourceTree = "<group>"; };
		B5C2B43D1AD64D2300652E93 /* MovieCell.swift */ = {isa = PBXFileReference; fileEncoding = 4; lastKnownFileType = sourcecode.swift; path = MovieCell.swift; sourceTree = "<group>"; };
/* End PBXFileReference section */

/* Begin PBXFrameworksBuildPhase section */
		B5C2B4111AD4CFA100652E93 /* Frameworks */ = {
			isa = PBXFrameworksBuildPhase;
			buildActionMask = 2147483647;
			files = (
				CC897037D574D9478FD5B8A8 /* libPods.a in Frameworks */,
			);
			runOnlyForDeploymentPostprocessing = 0;
		};
		B5C2B4261AD4CFA100652E93 /* Frameworks */ = {
			isa = PBXFrameworksBuildPhase;
			buildActionMask = 2147483647;
			files = (
			);
			runOnlyForDeploymentPostprocessing = 0;
		};
/* End PBXFrameworksBuildPhase section */

/* Begin PBXGroup section */
		2D019E3504B4B2F873526120 /* Pods */ = {
			isa = PBXGroup;
			children = (
				0D82EA8026391A9D9B096A36 /* Pods.debug.xcconfig */,
				5469191DE91BBA21C5B3E767 /* Pods.release.xcconfig */,
			);
			name = Pods;
			sourceTree = "<group>";
		};
		B5C2B40B1AD4CFA100652E93 = {
			isa = PBXGroup;
			children = (
				B5C2B4161AD4CFA100652E93 /* tomatoes */,
				B5C2B42C1AD4CFA100652E93 /* tomatoesTests */,
				B5C2B4151AD4CFA100652E93 /* Products */,
				2D019E3504B4B2F873526120 /* Pods */,
				C8219272E73AECFFEA98732F /* Frameworks */,
			);
			sourceTree = "<group>";
		};
		B5C2B4151AD4CFA100652E93 /* Products */ = {
			isa = PBXGroup;
			children = (
				B5C2B4141AD4CFA100652E93 /* tomatoes.app */,
				B5C2B4291AD4CFA100652E93 /* tomatoesTests.xctest */,
			);
			name = Products;
			sourceTree = "<group>";
		};
		B5C2B4161AD4CFA100652E93 /* tomatoes */ = {
			isa = PBXGroup;
			children = (
				B5C2B4191AD4CFA100652E93 /* AppDelegate.swift */,
				B5C2B41B1AD4CFA100652E93 /* ViewController.swift */,
				B5C2B41D1AD4CFA100652E93 /* Main.storyboard */,
				B5C2B4201AD4CFA100652E93 /* Images.xcassets */,
				B5C2B4221AD4CFA100652E93 /* LaunchScreen.xib */,
				B5C2B4171AD4CFA100652E93 /* Supporting Files */,
				B5C2B4391AD63D1000652E93 /* MoviesViewController.swift */,
				B5C2B43D1AD64D2300652E93 /* MovieCell.swift */,
				B5A04C3B1AD652C200BBA45E /* tomatoes-Bridging-Header.h */,
				B5A04C3E1AD6565000BBA45E /* MovieDetailViewController.swift */,
			);
			path = tomatoes;
			sourceTree = "<group>";
		};
		B5C2B4171AD4CFA100652E93 /* Supporting Files */ = {
			isa = PBXGroup;
			children = (
				B5C2B4181AD4CFA100652E93 /* Info.plist */,
			);
			name = "Supporting Files";
			sourceTree = "<group>";
		};
		B5C2B42C1AD4CFA100652E93 /* tomatoesTests */ = {
			isa = PBXGroup;
			children = (
				B5C2B42F1AD4CFA100652E93 /* tomatoesTests.swift */,
				B5C2B42D1AD4CFA100652E93 /* Supporting Files */,
			);
			path = tomatoesTests;
			sourceTree = "<group>";
		};
		B5C2B42D1AD4CFA100652E93 /* Supporting Files */ = {
			isa = PBXGroup;
			children = (
				B5C2B42E1AD4CFA100652E93 /* Info.plist */,
			);
			name = "Supporting Files";
			sourceTree = "<group>";
		};
		C8219272E73AECFFEA98732F /* Frameworks */ = {
			isa = PBXGroup;
			children = (
				1F535389032F3605D26AB010 /* libPods.a */,
			);
			name = Frameworks;
			sourceTree = "<group>";
		};
/* End PBXGroup section */

/* Begin PBXNativeTarget section */
		B5C2B4131AD4CFA100652E93 /* tomatoes */ = {
			isa = PBXNativeTarget;
			buildConfigurationList = B5C2B4331AD4CFA100652E93 /* Build configuration list for PBXNativeTarget "tomatoes" */;
			buildPhases = (
				B218093B5CD6BA8B45E1148B /* Check Pods Manifest.lock */,
				B5C2B4101AD4CFA100652E93 /* Sources */,
				B5C2B4111AD4CFA100652E93 /* Frameworks */,
				B5C2B4121AD4CFA100652E93 /* Resources */,
				F92829E4B3320FD4E28D2ACC /* Copy Pods Resources */,
			);
			buildRules = (
			);
			dependencies = (
			);
			name = tomatoes;
			productName = tomatoes;
			productReference = B5C2B4141AD4CFA100652E93 /* tomatoes.app */;
			productType = "com.apple.product-type.application";
		};
		B5C2B4281AD4CFA100652E93 /* tomatoesTests */ = {
			isa = PBXNativeTarget;
			buildConfigurationList = B5C2B4361AD4CFA100652E93 /* Build configuration list for PBXNativeTarget "tomatoesTests" */;
			buildPhases = (
				B5C2B4251AD4CFA100652E93 /* Sources */,
				B5C2B4261AD4CFA100652E93 /* Frameworks */,
				B5C2B4271AD4CFA100652E93 /* Resources */,
			);
			buildRules = (
			);
			dependencies = (
				B5C2B42B1AD4CFA100652E93 /* PBXTargetDependency */,
			);
			name = tomatoesTests;
			productName = tomatoesTests;
			productReference = B5C2B4291AD4CFA100652E93 /* tomatoesTests.xctest */;
			productType = "com.apple.product-type.bundle.unit-test";
		};
/* End PBXNativeTarget section */

/* Begin PBXProject section */
		B5C2B40C1AD4CFA100652E93 /* Project object */ = {
			isa = PBXProject;
			attributes = {
				LastUpgradeCheck = 0610;
				ORGANIZATIONNAME = "Sherman Leung";
				TargetAttributes = {
					B5C2B4131AD4CFA100652E93 = {
						CreatedOnToolsVersion = 6.1.1;
					};
					B5C2B4281AD4CFA100652E93 = {
						CreatedOnToolsVersion = 6.1.1;
						TestTargetID = B5C2B4131AD4CFA100652E93;
					};
				};
			};
			buildConfigurationList = B5C2B40F1AD4CFA100652E93 /* Build configuration list for PBXProject "tomatoes" */;
			compatibilityVersion = "Xcode 3.2";
			developmentRegion = English;
			hasScannedForEncodings = 0;
			knownRegions = (
				en,
				Base,
			);
			mainGroup = B5C2B40B1AD4CFA100652E93;
			productRefGroup = B5C2B4151AD4CFA100652E93 /* Products */;
			projectDirPath = "";
			projectRoot = "";
			targets = (
				B5C2B4131AD4CFA100652E93 /* tomatoes */,
				B5C2B4281AD4CFA100652E93 /* tomatoesTests */,
			);
		};
/* End PBXProject section */

/* Begin PBXResourcesBuildPhase section */
		B5C2B4121AD4CFA100652E93 /* Resources */ = {
			isa = PBXResourcesBuildPhase;
			buildActionMask = 2147483647;
			files = (
				B5C2B41F1AD4CFA100652E93 /* Main.storyboard in Resources */,
				B5C2B4241AD4CFA100652E93 /* LaunchScreen.xib in Resources */,
				B5C2B4211AD4CFA100652E93 /* Images.xcassets in Resources */,
			);
			runOnlyForDeploymentPostprocessing = 0;
		};
		B5C2B4271AD4CFA100652E93 /* Resources */ = {
			isa = PBXResourcesBuildPhase;
			buildActionMask = 2147483647;
			files = (
			);
			runOnlyForDeploymentPostprocessing = 0;
		};
/* End PBXResourcesBuildPhase section */

/* Begin PBXShellScriptBuildPhase section */
		B218093B5CD6BA8B45E1148B /* Check Pods Manifest.lock */ = {
			isa = PBXShellScriptBuildPhase;
			buildActionMask = 2147483647;
			files = (
			);
			inputPaths = (
			);
			name = "Check Pods Manifest.lock";
			outputPaths = (
			);
			runOnlyForDeploymentPostprocessing = 0;
			shellPath = /bin/sh;
			shellScript = "diff \"${PODS_ROOT}/../Podfile.lock\" \"${PODS_ROOT}/Manifest.lock\" > /dev/null\nif [[ $? != 0 ]] ; then\n    cat << EOM\nerror: The sandbox is not in sync with the Podfile.lock. Run 'pod install' or update your CocoaPods installation.\nEOM\n    exit 1\nfi\n";
			showEnvVarsInLog = 0;
		};
		F92829E4B3320FD4E28D2ACC /* Copy Pods Resources */ = {
			isa = PBXShellScriptBuildPhase;
			buildActionMask = 2147483647;
			files = (
			);
			inputPaths = (
			);
			name = "Copy Pods Resources";
			outputPaths = (
			);
			runOnlyForDeploymentPostprocessing = 0;
			shellPath = /bin/sh;
			shellScript = "\"${SRCROOT}/Pods/Target Support Files/Pods/Pods-resources.sh\"\n";
			showEnvVarsInLog = 0;
		};
/* End PBXShellScriptBuildPhase section */

/* Begin PBXSourcesBuildPhase section */
		B5C2B4101AD4CFA100652E93 /* Sources */ = {
			isa = PBXSourcesBuildPhase;
			buildActionMask = 2147483647;
			files = (
				B5C2B41C1AD4CFA100652E93 /* ViewController.swift in Sources */,
				B5A04C3F1AD6565000BBA45E /* MovieDetailViewController.swift in Sources */,
				B5C2B41A1AD4CFA100652E93 /* AppDelegate.swift in Sources */,
				B5C2B43E1AD64D2300652E93 /* MovieCell.swift in Sources */,
				B5C2B43A1AD63D1000652E93 /* MoviesViewController.swift in Sources */,
			);
			runOnlyForDeploymentPostprocessing = 0;
		};
		B5C2B4251AD4CFA100652E93 /* Sources */ = {
			isa = PBXSourcesBuildPhase;
			buildActionMask = 2147483647;
			files = (
				B5C2B4301AD4CFA100652E93 /* tomatoesTests.swift in Sources */,
			);
			runOnlyForDeploymentPostprocessing = 0;
		};
/* End PBXSourcesBuildPhase section */

/* Begin PBXTargetDependency section */
		B5C2B42B1AD4CFA100652E93 /* PBXTargetDependency */ = {
			isa = PBXTargetDependency;
			target = B5C2B4131AD4CFA100652E93 /* tomatoes */;
			targetProxy = B5C2B42A1AD4CFA100652E93 /* PBXContainerItemProxy */;
		};
/* End PBXTargetDependency section */

/* Begin PBXVariantGroup section */
		B5C2B41D1AD4CFA100652E93 /* Main.storyboard */ = {
			isa = PBXVariantGroup;
			children = (
				B5C2B41E1AD4CFA100652E93 /* Base */,
			);
			name = Main.storyboard;
			sourceTree = "<group>";
		};
		B5C2B4221AD4CFA100652E93 /* LaunchScreen.xib */ = {
			isa = PBXVariantGroup;
			children = (
				B5C2B4231AD4CFA100652E93 /* Base */,
			);
			name = LaunchScreen.xib;
			sourceTree = "<group>";
		};
/* End PBXVariantGroup section */

/* Begin XCBuildConfiguration section */
		B5C2B4311AD4CFA100652E93 /* Debug */ = {
			isa = XCBuildConfiguration;
			buildSettings = {
				ALWAYS_SEARCH_USER_PATHS = NO;
				CLANG_CXX_LANGUAGE_STANDARD = "gnu++0x";
				CLANG_CXX_LIBRARY = "libc++";
				CLANG_ENABLE_MODULES = YES;
				CLANG_ENABLE_OBJC_ARC = YES;
				CLANG_WARN_BOOL_CONVERSION = YES;
				CLANG_WARN_CONSTANT_CONVERSION = YES;
				CLANG_WARN_DIRECT_OBJC_ISA_USAGE = YES_ERROR;
				CLANG_WARN_EMPTY_BODY = YES;
				CLANG_WARN_ENUM_CONVERSION = YES;
				CLANG_WARN_INT_CONVERSION = YES;
				CLANG_WARN_OBJC_ROOT_CLASS = YES_ERROR;
				CLANG_WARN_UNREACHABLE_CODE = YES;
				CLANG_WARN__DUPLICATE_METHOD_MATCH = YES;
				"CODE_SIGN_IDENTITY[sdk=iphoneos*]" = "iPhone Developer";
				COPY_PHASE_STRIP = NO;
				ENABLE_STRICT_OBJC_MSGSEND = YES;
				GCC_C_LANGUAGE_STANDARD = gnu99;
				GCC_DYNAMIC_NO_PIC = NO;
				GCC_OPTIMIZATION_LEVEL = 0;
				GCC_PREPROCESSOR_DEFINITIONS = (
					"DEBUG=1",
					"$(inherited)",
				);
				GCC_SYMBOLS_PRIVATE_EXTERN = NO;
				GCC_WARN_64_TO_32_BIT_CONVERSION = YES;
				GCC_WARN_ABOUT_RETURN_TYPE = YES_ERROR;
				GCC_WARN_UNDECLARED_SELECTOR = YES;
				GCC_WARN_UNINITIALIZED_AUTOS = YES_AGGRESSIVE;
				GCC_WARN_UNUSED_FUNCTION = YES;
				GCC_WARN_UNUSED_VARIABLE = YES;
				IPHONEOS_DEPLOYMENT_TARGET = 8.1;
				MTL_ENABLE_DEBUG_INFO = YES;
				ONLY_ACTIVE_ARCH = YES;
				SDKROOT = iphoneos;
				SWIFT_OPTIMIZATION_LEVEL = "-Onone";
			};
			name = Debug;
		};
		B5C2B4321AD4CFA100652E93 /* Release */ = {
			isa = XCBuildConfiguration;
			buildSettings = {
				ALWAYS_SEARCH_USER_PATHS = NO;
				CLANG_CXX_LANGUAGE_STANDARD = "gnu++0x";
				CLANG_CXX_LIBRARY = "libc++";
				CLANG_ENABLE_MODULES = YES;
				CLANG_ENABLE_OBJC_ARC = YES;
				CLANG_WARN_BOOL_CONVERSION = YES;
				CLANG_WARN_CONSTANT_CONVERSION = YES;
				CLANG_WARN_DIRECT_OBJC_ISA_USAGE = YES_ERROR;
				CLANG_WARN_EMPTY_BODY = YES;
				CLANG_WARN_ENUM_CONVERSION = YES;
				CLANG_WARN_INT_CONVERSION = YES;
				CLANG_WARN_OBJC_ROOT_CLASS = YES_ERROR;
				CLANG_WARN_UNREACHABLE_CODE = YES;
				CLANG_WARN__DUPLICATE_METHOD_MATCH = YES;
				"CODE_SIGN_IDENTITY[sdk=iphoneos*]" = "iPhone Developer";
				COPY_PHASE_STRIP = YES;
				ENABLE_NS_ASSERTIONS = NO;
				ENABLE_STRICT_OBJC_MSGSEND = YES;
				GCC_C_LANGUAGE_STANDARD = gnu99;
				GCC_WARN_64_TO_32_BIT_CONVERSION = YES;
				GCC_WARN_ABOUT_RETURN_TYPE = YES_ERROR;
				GCC_WARN_UNDECLARED_SELECTOR = YES;
				GCC_WARN_UNINITIALIZED_AUTOS = YES_AGGRESSIVE;
				GCC_WARN_UNUSED_FUNCTION = YES;
				GCC_WARN_UNUSED_VARIABLE = YES;
				IPHONEOS_DEPLOYMENT_TARGET = 8.1;
				MTL_ENABLE_DEBUG_INFO = NO;
				SDKROOT = iphoneos;
				VALIDATE_PRODUCT = YES;
			};
			name = Release;
		};
		B5C2B4341AD4CFA100652E93 /* Debug */ = {
			isa = XCBuildConfiguration;
			baseConfigurationReference = 0D82EA8026391A9D9B096A36 /* Pods.debug.xcconfig */;
			buildSettings = {
				ASSETCATALOG_COMPILER_APPICON_NAME = AppIcon;
				CLANG_ENABLE_MODULES = YES;
				INFOPLIST_FILE = tomatoes/Info.plist;
				LD_RUNPATH_SEARCH_PATHS = "$(inherited) @executable_path/Frameworks";
				PRODUCT_NAME = "$(TARGET_NAME)";
				SWIFT_OBJC_BRIDGING_HEADER = "tomatoes/tomatoes-Bridging-Header.h";
				SWIFT_OPTIMIZATION_LEVEL = "-Onone";
			};
			name = Debug;
		};
		B5C2B4351AD4CFA100652E93 /* Release */ = {
			isa = XCBuildConfiguration;
			baseConfigurationReference = 5469191DE91BBA21C5B3E767 /* Pods.release.xcconfig */;
			buildSettings = {
				ASSETCATALOG_COMPILER_APPICON_NAME = AppIcon;
				CLANG_ENABLE_MODULES = YES;
				INFOPLIST_FILE = tomatoes/Info.plist;
				LD_RUNPATH_SEARCH_PATHS = "$(inherited) @executable_path/Frameworks";
				PRODUCT_NAME = "$(TARGET_NAME)";
				SWIFT_OBJC_BRIDGING_HEADER = "tomatoes/tomatoes-Bridging-Header.h";
			};
			name = Release;
		};
		B5C2B4371AD4CFA100652E93 /* Debug */ = {
			isa = XCBuildConfiguration;
			buildSettings = {
				BUNDLE_LOADER = "$(TEST_HOST)";
				FRAMEWORK_SEARCH_PATHS = (
					"$(SDKROOT)/Developer/Library/Frameworks",
					"$(inherited)",
				);
				GCC_PREPROCESSOR_DEFINITIONS = (
					"DEBUG=1",
					"$(inherited)",
				);
				INFOPLIST_FILE = tomatoesTests/Info.plist;
				LD_RUNPATH_SEARCH_PATHS = "$(inherited) @executable_path/Frameworks @loader_path/Frameworks";
				PRODUCT_NAME = "$(TARGET_NAME)";
				TEST_HOST = "$(BUILT_PRODUCTS_DIR)/tomatoes.app/tomatoes";
			};
			name = Debug;
		};
		B5C2B4381AD4CFA100652E93 /* Release */ = {
			isa = XCBuildConfiguration;
			buildSettings = {
				BUNDLE_LOADER = "$(TEST_HOST)";
				FRAMEWORK_SEARCH_PATHS = (
					"$(SDKROOT)/Developer/Library/Frameworks",
					"$(inherited)",
				);
				INFOPLIST_FILE = tomatoesTests/Info.plist;
				LD_RUNPATH_SEARCH_PATHS = "$(inherited) @executable_path/Frameworks @loader_path/Frameworks";
				PRODUCT_NAME = "$(TARGET_NAME)";
				TEST_HOST = "$(BUILT_PRODUCTS_DIR)/tomatoes.app/tomatoes";
			};
			name = Release;
		};
/* End XCBuildConfiguration section */

/* Begin XCConfigurationList section */
		B5C2B40F1AD4CFA100652E93 /* Build configuration list for PBXProject "tomatoes" */ = {
			isa = XCConfigurationList;
			buildConfigurations = (
				B5C2B4311AD4CFA100652E93 /* Debug */,
				B5C2B4321AD4CFA100652E93 /* Release */,
			);
			defaultConfigurationIsVisible = 0;
			defaultConfigurationName = Release;
		};
		B5C2B4331AD4CFA100652E93 /* Build configuration list for PBXNativeTarget "tomatoes" */ = {
			isa = XCConfigurationList;
			buildConfigurations = (
				B5C2B4341AD4CFA100652E93 /* Debug */,
				B5C2B4351AD4CFA100652E93 /* Release */,
			);
			defaultConfigurationIsVisible = 0;
			defaultConfigurationName = Release;
		};
		B5C2B4361AD4CFA100652E93 /* Build configuration list for PBXNativeTarget "tomatoesTests" */ = {
			isa = XCConfigurationList;
			buildConfigurations = (
				B5C2B4371AD4CFA100652E93 /* Debug */,
				B5C2B4381AD4CFA100652E93 /* Release */,
			);
			defaultConfigurationIsVisible = 0;
			defaultConfigurationName = Release;
		};
/* End XCConfigurationList section */
	};
	rootObject = B5C2B40C1AD4CFA100652E93 /* Project object */;
}
